// !$*UTF8*$!
{
	archiveVersion = 1;
	classes = {
	};
	objectVersion = 77;
	objects = {

/* Begin PBXBuildFile section */
		E1B1C0012FDA000000000001 /* Sparkle in Frameworks */ = {isa = PBXBuildFile; productRef = E1B1C0032FDA000000000001 /* Sparkle */; };
		E1C2D0012FDB000000000001 /* MarkdownUI in Frameworks */ = {isa = PBXBuildFile; productRef = E1C2D0032FDB000000000001 /* MarkdownUI */; };
		E1D4F00B2FDD000000000001 /* MarkdownUI in Frameworks */ = {isa = PBXBuildFile; productRef = E1D4F00A2FDD000000000001 /* MarkdownUI */; };
		E1D4F00C2FDD000000000001 /* SkillzQuickLook.appex in Embed Foundation Extensions */ = {isa = PBXBuildFile; fileRef = E1D4F0012FDD000000000001 /* SkillzQuickLook.appex */; settings = {ATTRIBUTES = (RemoveHeadersOnCopy, ); }; };
/* End PBXBuildFile section */

/* Begin PBXContainerItemProxy section */
		E1AAB7952FCA1D4F009EC22C /* PBXContainerItemProxy */ = {
			isa = PBXContainerItemProxy;
			containerPortal = E1AAB77A2FCA1D4D009EC22C /* Project object */;
			proxyType = 1;
			remoteGlobalIDString = E1AAB7812FCA1D4D009EC22C;
			remoteInfo = skillz;
		};
		E1AAB79F2FCA1D4F009EC22C /* PBXContainerItemProxy */ = {
			isa = PBXContainerItemProxy;
			containerPortal = E1AAB77A2FCA1D4D009EC22C /* Project object */;
			proxyType = 1;
			remoteGlobalIDString = E1AAB7812FCA1D4D009EC22C;
			remoteInfo = skillz;
		};
		E1D4F00E2FDD000000000001 /* PBXContainerItemProxy */ = {
			isa = PBXContainerItemProxy;
			containerPortal = E1AAB77A2FCA1D4D009EC22C /* Project object */;
			proxyType = 1;
			remoteGlobalIDString = E1D4F0032FDD000000000001;
			remoteInfo = SkillzQuickLook;
		};
/* End PBXContainerItemProxy section */

/* Begin PBXCopyFilesBuildPhase section */
		E1D4F00D2FDD000000000001 /* Embed Foundation Extensions */ = {
			isa = PBXCopyFilesBuildPhase;
			buildActionMask = 2147483647;
			dstPath = "";
			dstSubfolderSpec = 13;
			files = (
				E1D4F00C2FDD000000000001 /* SkillzQuickLook.appex in Embed Foundation Extensions */,
			);
			name = "Embed Foundation Extensions";
			runOnlyForDeploymentPostprocessing = 0;
		};
/* End PBXCopyFilesBuildPhase section */

/* Begin PBXFileReference section */
		E1AAB7822FCA1D4D009EC22C /* Skills.app */ = {isa = PBXFileReference; explicitFileType = wrapper.application; includeInIndex = 0; path = Skills.app; sourceTree = BUILT_PRODUCTS_DIR; };
		E1AAB7942FCA1D4F009EC22C /* skillzTests.xctest */ = {isa = PBXFileReference; explicitFileType = wrapper.cfbundle; includeInIndex = 0; path = skillzTests.xctest; sourceTree = BUILT_PRODUCTS_DIR; };
		E1AAB79E2FCA1D4F009EC22C /* skillzUITests.xctest */ = {isa = PBXFileReference; explicitFileType = wrapper.cfbundle; includeInIndex = 0; path = skillzUITests.xctest; sourceTree = BUILT_PRODUCTS_DIR; };
		E1D4F0012FDD000000000001 /* SkillzQuickLook.appex */ = {isa = PBXFileReference; explicitFileType = "wrapper.app-extension"; includeInIndex = 0; path = SkillzQuickLook.appex; sourceTree = BUILT_PRODUCTS_DIR; };
/* End PBXFileReference section */

/* Begin PBXFileSystemSynchronizedRootGroup section */
		E1AAB7842FCA1D4D009EC22C /* skillz */ = {
			isa = PBXFileSystemSynchronizedRootGroup;
			path = skillz;
			sourceTree = "<group>";
		};
		E1AAB7972FCA1D4F009EC22C /* skillzTests */ = {
			isa = PBXFileSystemSynchronizedRootGroup;
			path = skillzTests;
			sourceTree = "<group>";
		};
		E1AAB7A12FCA1D4F009EC22C /* skillzUITests */ = {
			isa = PBXFileSystemSynchronizedRootGroup;
			path = skillzUITests;
			sourceTree = "<group>";
		};
		E1C3E0012FDC000000000001 /* SkillzPreviewCore */ = {
			isa = PBXFileSystemSynchronizedRootGroup;
			path = SkillzPreviewCore;
			sourceTree = "<group>";
		};
		E1D4F0022FDD000000000001 /* SkillzQuickLook */ = {
			isa = PBXFileSystemSynchronizedRootGroup;
			path = SkillzQuickLook;
			sourceTree = "<group>";
		};
/* End PBXFileSystemSynchronizedRootGroup section */

/* Begin PBXFrameworksBuildPhase section */
		E1AAB77F2FCA1D4D009EC22C /* Frameworks */ = {
			isa = PBXFrameworksBuildPhase;
			buildActionMask = 2147483647;
			files = (
				E1B1C0012FDA000000000001 /* Sparkle in Frameworks */,
				E1C2D0012FDB000000000001 /* MarkdownUI in Frameworks */,
			);
			runOnlyForDeploymentPostprocessing = 0;
		};
		E1AAB7912FCA1D4F009EC22C /* Frameworks */ = {
			isa = PBXFrameworksBuildPhase;
			buildActionMask = 2147483647;
			files = (
			);
			runOnlyForDeploymentPostprocessing = 0;
		};
		E1AAB79B2FCA1D4F009EC22C /* Frameworks */ = {
			isa = PBXFrameworksBuildPhase;
			buildActionMask = 2147483647;
			files = (
			);
			runOnlyForDeploymentPostprocessing = 0;
		};
		E1D4F0082FDD000000000001 /* Frameworks */ = {
			isa = PBXFrameworksBuildPhase;
			buildActionMask = 2147483647;
			files = (
				E1D4F00B2FDD000000000001 /* MarkdownUI in Frameworks */,
			);
			runOnlyForDeploymentPostprocessing = 0;
		};
/* End PBXFrameworksBuildPhase section */

/* Begin PBXGroup section */
		E1AAB7792FCA1D4D009EC22C = {
			isa = PBXGroup;
			children = (
				E1AAB7842FCA1D4D009EC22C /* skillz */,
				E1C3E0012FDC000000000001 /* SkillzPreviewCore */,
				E1D4F0022FDD000000000001 /* SkillzQuickLook */,
				E1AAB7972FCA1D4F009EC22C /* skillzTests */,
				E1AAB7A12FCA1D4F009EC22C /* skillzUITests */,
				E1AAB7832FCA1D4D009EC22C /* Products */,
			);
			sourceTree = "<group>";
		};
		E1AAB7832FCA1D4D009EC22C /* Products */ = {
			isa = PBXGroup;
			children = (
				E1AAB7822FCA1D4D009EC22C /* Skills.app */,
				E1AAB7942FCA1D4F009EC22C /* skillzTests.xctest */,
				E1AAB79E2FCA1D4F009EC22C /* skillzUITests.xctest */,
				E1D4F0012FDD000000000001 /* SkillzQuickLook.appex */,
			);
			name = Products;
			sourceTree = "<group>";
		};
/* End PBXGroup section */

/* Begin PBXNativeTarget section */
		E1AAB7812FCA1D4D009EC22C /* skillz */ = {
			isa = PBXNativeTarget;
			buildConfigurationList = E1AAB7A82FCA1D4F009EC22C /* Build configuration list for PBXNativeTarget "skillz" */;
			buildPhases = (
				E1AAB77E2FCA1D4D009EC22C /* Sources */,
				E1AAB77F2FCA1D4D009EC22C /* Frameworks */,
				E1AAB7802FCA1D4D009EC22C /* Resources */,
				E1D4F00D2FDD000000000001 /* Embed Foundation Extensions */,
			);
			buildRules = (
			);
			dependencies = (
				E1D4F00F2FDD000000000001 /* PBXTargetDependency */,
			);
			fileSystemSynchronizedGroups = (
				E1AAB7842FCA1D4D009EC22C /* skillz */,
				E1C3E0012FDC000000000001 /* SkillzPreviewCore */,
			);
			name = skillz;
			packageProductDependencies = (
				E1B1C0032FDA000000000001 /* Sparkle */,
				E1C2D0032FDB000000000001 /* MarkdownUI */,
			);
			productName = skillz;
			productReference = E1AAB7822FCA1D4D009EC22C /* Skills.app */;
			productType = "com.apple.product-type.application";
		};
		E1AAB7932FCA1D4F009EC22C /* skillzTests */ = {
			isa = PBXNativeTarget;
			buildConfigurationList = E1AAB7AB2FCA1D4F009EC22C /* Build configuration list for PBXNativeTarget "skillzTests" */;
			buildPhases = (
				E1AAB7902FCA1D4F009EC22C /* Sources */,
				E1AAB7912FCA1D4F009EC22C /* Frameworks */,
				E1AAB7922FCA1D4F009EC22C /* Resources */,
			);
			buildRules = (
			);
			dependencies = (
				E1AAB7962FCA1D4F009EC22C /* PBXTargetDependency */,
			);
			fileSystemSynchronizedGroups = (
				E1AAB7972FCA1D4F009EC22C /* skillzTests */,
			);
			name = skillzTests;
			packageProductDependencies = (
			);
			productName = skillzTests;
			productReference = E1AAB7942FCA1D4F009EC22C /* skillzTests.xctest */;
			productType = "com.apple.product-type.bundle.unit-test";
		};
		E1AAB79D2FCA1D4F009EC22C /* skillzUITests */ = {
			isa = PBXNativeTarget;
			buildConfigurationList = E1AAB7AE2FCA1D4F009EC22C /* Build configuration list for PBXNativeTarget "skillzUITests" */;
			buildPhases = (
				E1AAB79A2FCA1D4F009EC22C /* Sources */,
				E1AAB79B2FCA1D4F009EC22C /* Frameworks */,
				E1AAB79C2FCA1D4F009EC22C /* Resources */,
			);
			buildRules = (
			);
			dependencies = (
				E1AAB7A02FCA1D4F009EC22C /* PBXTargetDependency */,
			);
			fileSystemSynchronizedGroups = (
				E1AAB7A12FCA1D4F009EC22C /* skillzUITests */,
			);
			name = skillzUITests;
			packageProductDependencies = (
			);
			productName = skillzUITests;
			productReference = E1AAB79E2FCA1D4F009EC22C /* skillzUITests.xctest */;
			productType = "com.apple.product-type.bundle.ui-testing";
		};
		E1D4F0032FDD000000000001 /* SkillzQuickLook */ = {
			isa = PBXNativeTarget;
			buildConfigurationList = E1D4F0042FDD000000000001 /* Build configuration list for PBXNativeTarget "SkillzQuickLook" */;
			buildPhases = (
				E1D4F0072FDD000000000001 /* Sources */,
				E1D4F0082FDD000000000001 /* Frameworks */,
				E1D4F0092FDD000000000001 /* Resources */,
			);
			buildRules = (
			);
			dependencies = (
			);
			fileSystemSynchronizedGroups = (
				E1C3E0012FDC000000000001 /* SkillzPreviewCore */,
				E1D4F0022FDD000000000001 /* SkillzQuickLook */,
			);
			name = SkillzQuickLook;
			packageProductDependencies = (
				E1D4F00A2FDD000000000001 /* MarkdownUI */,
			);
			productName = SkillzQuickLook;
			productReference = E1D4F0012FDD000000000001 /* SkillzQuickLook.appex */;
			productType = "com.apple.product-type.app-extension";
		};
/* End PBXNativeTarget section */

/* Begin PBXProject section */
		E1AAB77A2FCA1D4D009EC22C /* Project object */ = {
			isa = PBXProject;
			attributes = {
				BuildIndependentTargetsInParallel = 1;
				LastSwiftUpdateCheck = 2630;
				LastUpgradeCheck = 2630;
				TargetAttributes = {
					E1AAB7812FCA1D4D009EC22C = {
						CreatedOnToolsVersion = 26.3;
					};
					E1AAB7932FCA1D4F009EC22C = {
						CreatedOnToolsVersion = 26.3;
						TestTargetID = E1AAB7812FCA1D4D009EC22C;
					};
					E1AAB79D2FCA1D4F009EC22C = {
						CreatedOnToolsVersion = 26.3;
						TestTargetID = E1AAB7812FCA1D4D009EC22C;
					};
					E1D4F0032FDD000000000001 = {
						CreatedOnToolsVersion = 26.3;
					};
				};
			};
			buildConfigurationList = E1AAB77D2FCA1D4D009EC22C /* Build configuration list for PBXProject "skillz" */;
			developmentRegion = en;
			hasScannedForEncodings = 0;
			knownRegions = (
				en,
				Base,
			);
			mainGroup = E1AAB7792FCA1D4D009EC22C;
			minimizedProjectReferenceProxies = 1;
			packageReferences = (
				E1B1C0022FDA000000000001 /* XCRemoteSwiftPackageReference "Sparkle" */,
				E1C2D0022FDB000000000001 /* XCRemoteSwiftPackageReference "swift-markdown-ui" */,
			);
			preferredProjectObjectVersion = 77;
			productRefGroup = E1AAB7832FCA1D4D009EC22C /* Products */;
			projectDirPath = "";
			projectRoot = "";
			targets = (
				E1AAB7812FCA1D4D009EC22C /* skillz */,
				E1AAB7932FCA1D4F009EC22C /* skillzTests */,
				E1AAB79D2FCA1D4F009EC22C /* skillzUITests */,
				E1D4F0032FDD000000000001 /* SkillzQuickLook */,
			);
		};
/* End PBXProject section */

/* Begin PBXResourcesBuildPhase section */
		E1AAB7802FCA1D4D009EC22C /* Resources */ = {
			isa = PBXResourcesBuildPhase;
			buildActionMask = 2147483647;
			files = (
			);
			runOnlyForDeploymentPostprocessing = 0;
		};
		E1AAB7922FCA1D4F009EC22C /* Resources */ = {
			isa = PBXResourcesBuildPhase;
			buildActionMask = 2147483647;
			files = (
			);
			runOnlyForDeploymentPostprocessing = 0;
		};
		E1AAB79C2FCA1D4F009EC22C /* Resources */ = {
			isa = PBXResourcesBuildPhase;
			buildActionMask = 2147483647;
			files = (
			);
			runOnlyForDeploymentPostprocessing = 0;
		};
		E1D4F0092FDD000000000001 /* Resources */ = {
			isa = PBXResourcesBuildPhase;
			buildActionMask = 2147483647;
			files = (
			);
			runOnlyForDeploymentPostprocessing = 0;
		};
/* End PBXResourcesBuildPhase section */

/* Begin PBXSourcesBuildPhase section */
		E1AAB77E2FCA1D4D009EC22C /* Sources */ = {
			isa = PBXSourcesBuildPhase;
			buildActionMask = 2147483647;
			files = (
			);
			runOnlyForDeploymentPostprocessing = 0;
		};
		E1AAB7902FCA1D4F009EC22C /* Sources */ = {
			isa = PBXSourcesBuildPhase;
			buildActionMask = 2147483647;
			files = (
			);
			runOnlyForDeploymentPostprocessing = 0;
		};
		E1AAB79A2FCA1D4F009EC22C /* Sources */ = {
			isa = PBXSourcesBuildPhase;
			buildActionMask = 2147483647;
			files = (
			);
			runOnlyForDeploymentPostprocessing = 0;
		};
		E1D4F0072FDD000000000001 /* Sources */ = {
			isa = PBXSourcesBuildPhase;
			buildActionMask = 2147483647;
			files = (
			);
			runOnlyForDeploymentPostprocessing = 0;
		};
/* End PBXSourcesBuildPhase section */

/* Begin PBXTargetDependency section */
		E1AAB7962FCA1D4F009EC22C /* PBXTargetDependency */ = {
			isa = PBXTargetDependency;
			target = E1AAB7812FCA1D4D009EC22C /* skillz */;
			targetProxy = E1AAB7952FCA1D4F009EC22C /* PBXContainerItemProxy */;
		};
		E1AAB7A02FCA1D4F009EC22C /* PBXTargetDependency */ = {
			isa = PBXTargetDependency;
			target = E1AAB7812FCA1D4D009EC22C /* skillz */;
			targetProxy = E1AAB79F2FCA1D4F009EC22C /* PBXContainerItemProxy */;
		};
		E1D4F00F2FDD000000000001 /* PBXTargetDependency */ = {
			isa = PBXTargetDependency;
			target = E1D4F0032FDD000000000001 /* SkillzQuickLook */;
			targetProxy = E1D4F00E2FDD000000000001 /* PBXContainerItemProxy */;
		};
/* End PBXTargetDependency section */

/* Begin XCBuildConfiguration section */
		E1AAB7A62FCA1D4F009EC22C /* Debug */ = {
			isa = XCBuildConfiguration;
			buildSettings = {
				ALWAYS_SEARCH_USER_PATHS = NO;
				ASSETCATALOG_COMPILER_GENERATE_SWIFT_ASSET_SYMBOL_EXTENSIONS = YES;
				CLANG_ANALYZER_NONNULL = YES;
				CLANG_ANALYZER_NUMBER_OBJECT_CONVERSION = YES_AGGRESSIVE;
				CLANG_CXX_LANGUAGE_STANDARD = "gnu++20";
				CLANG_ENABLE_MODULES = YES;
				CLANG_ENABLE_OBJC_ARC = YES;
				CLANG_ENABLE_OBJC_WEAK = YES;
				CLANG_WARN_BLOCK_CAPTURE_AUTORELEASING = YES;
				CLANG_WARN_BOOL_CONVERSION = YES;
				CLANG_WARN_COMMA = YES;
				CLANG_WARN_CONSTANT_CONVERSION = YES;
				CLANG_WARN_DEPRECATED_OBJC_IMPLEMENTATIONS = YES;
				CLANG_WARN_DIRECT_OBJC_ISA_USAGE = YES_ERROR;
				CLANG_WARN_DOCUMENTATION_COMMENTS = YES;
				CLANG_WARN_EMPTY_BODY = YES;
				CLANG_WARN_ENUM_CONVERSION = YES;
				CLANG_WARN_INFINITE_RECURSION = YES;
				CLANG_WARN_INT_CONVERSION = YES;
				CLANG_WARN_NON_LITERAL_NULL_CONVERSION = YES;
				CLANG_WARN_OBJC_IMPLICIT_RETAIN_SELF = YES;
				CLANG_WARN_OBJC_LITERAL_CONVERSION = YES;
				CLANG_WARN_OBJC_ROOT_CLASS = YES_ERROR;
				CLANG_WARN_QUOTED_INCLUDE_IN_FRAMEWORK_HEADER = YES;
				CLANG_WARN_RANGE_LOOP_ANALYSIS = YES;
				CLANG_WARN_STRICT_PROTOTYPES = YES;
				CLANG_WARN_SUSPICIOUS_MOVE = YES;
				CLANG_WARN_UNGUARDED_AVAILABILITY = YES_AGGRESSIVE;
				CLANG_WARN_UNREACHABLE_CODE = YES;
				CLANG_WARN__DUPLICATE_METHOD_MATCH = YES;
				COPY_PHASE_STRIP = NO;
				DEBUG_INFORMATION_FORMAT = dwarf;
				DEVELOPMENT_TEAM = 9F2JXY8TCK;
				ENABLE_STRICT_OBJC_MSGSEND = YES;
				ENABLE_TESTABILITY = YES;
				ENABLE_USER_SCRIPT_SANDBOXING = YES;
				GCC_C_LANGUAGE_STANDARD = gnu17;
				GCC_DYNAMIC_NO_PIC = NO;
				GCC_NO_COMMON_BLOCKS = YES;
				GCC_OPTIMIZATION_LEVEL = 0;
				GCC_PREPROCESSOR_DEFINITIONS = (
					"DEBUG=1",
					"$(inherited)",
				);
				GCC_WARN_64_TO_32_BIT_CONVERSION = YES;
				GCC_WARN_ABOUT_RETURN_TYPE = YES_ERROR;
				GCC_WARN_UNDECLARED_SELECTOR = YES;
				GCC_WARN_UNINITIALIZED_AUTOS = YES_AGGRESSIVE;
				GCC_WARN_UNUSED_FUNCTION = YES;
				GCC_WARN_UNUSED_VARIABLE = YES;
				LOCALIZATION_PREFERS_STRING_CATALOGS = YES;
				MACOSX_DEPLOYMENT_TARGET = 14.0;
				MTL_ENABLE_DEBUG_INFO = INCLUDE_SOURCE;
				MTL_FAST_MATH = YES;
				ONLY_ACTIVE_ARCH = YES;
				SDKROOT = macosx;
				SWIFT_ACTIVE_COMPILATION_CONDITIONS = "DEBUG $(inherited)";
				SWIFT_OPTIMIZATION_LEVEL = "-Onone";
			};
			name = Debug;
		};
		E1AAB7A72FCA1D4F009EC22C /* Release */ = {
			isa = XCBuildConfiguration;
			buildSettings = {
				ALWAYS_SEARCH_USER_PATHS = NO;
				ASSETCATALOG_COMPILER_GENERATE_SWIFT_ASSET_SYMBOL_EXTENSIONS = YES;
				CLANG_ANALYZER_NONNULL = YES;
				CLANG_ANALYZER_NUMBER_OBJECT_CONVERSION = YES_AGGRESSIVE;
				CLANG_CXX_LANGUAGE_STANDARD = "gnu++20";
				CLANG_ENABLE_MODULES = YES;
				CLANG_ENABLE_OBJC_ARC = YES;
				CLANG_ENABLE_OBJC_WEAK = YES;
				CLANG_WARN_BLOCK_CAPTURE_AUTORELEASING = YES;
				CLANG_WARN_BOOL_CONVERSION = YES;
				CLANG_WARN_COMMA = YES;
				CLANG_WARN_CONSTANT_CONVERSION = YES;
				CLANG_WARN_DEPRECATED_OBJC_IMPLEMENTATIONS = YES;
				CLANG_WARN_DIRECT_OBJC_ISA_USAGE = YES_ERROR;
				CLANG_WARN_DOCUMENTATION_COMMENTS = YES;
				CLANG_WARN_EMPTY_BODY = YES;
				CLANG_WARN_ENUM_CONVERSION = YES;
				CLANG_WARN_INFINITE_RECURSION = YES;
				CLANG_WARN_INT_CONVERSION = YES;
				CLANG_WARN_NON_LITERAL_NULL_CONVERSION = YES;
				CLANG_WARN_OBJC_IMPLICIT_RETAIN_SELF = YES;
				CLANG_WARN_OBJC_LITERAL_CONVERSION = YES;
				CLANG_WARN_OBJC_ROOT_CLASS = YES_ERROR;
				CLANG_WARN_QUOTED_INCLUDE_IN_FRAMEWORK_HEADER = YES;
				CLANG_WARN_RANGE_LOOP_ANALYSIS = YES;
				CLANG_WARN_STRICT_PROTOTYPES = YES;
				CLANG_WARN_SUSPICIOUS_MOVE = YES;
				CLANG_WARN_UNGUARDED_AVAILABILITY = YES_AGGRESSIVE;
				CLANG_WARN_UNREACHABLE_CODE = YES;
				CLANG_WARN__DUPLICATE_METHOD_MATCH = YES;
				COPY_PHASE_STRIP = NO;
				DEBUG_INFORMATION_FORMAT = "dwarf-with-dsym";
				DEVELOPMENT_TEAM = 9F2JXY8TCK;
				ENABLE_NS_ASSERTIONS = NO;
				ENABLE_STRICT_OBJC_MSGSEND = YES;
				ENABLE_USER_SCRIPT_SANDBOXING = YES;
				GCC_C_LANGUAGE_STANDARD = gnu17;
				GCC_NO_COMMON_BLOCKS = YES;
				GCC_WARN_64_TO_32_BIT_CONVERSION = YES;
				GCC_WARN_ABOUT_RETURN_TYPE = YES_ERROR;
				GCC_WARN_UNDECLARED_SELECTOR = YES;
				GCC_WARN_UNINITIALIZED_AUTOS = YES_AGGRESSIVE;
				GCC_WARN_UNUSED_FUNCTION = YES;
				GCC_WARN_UNUSED_VARIABLE = YES;
				LOCALIZATION_PREFERS_STRING_CATALOGS = YES;
				MACOSX_DEPLOYMENT_TARGET = 14.0;
				MTL_ENABLE_DEBUG_INFO = NO;
				MTL_FAST_MATH = YES;
				SDKROOT = macosx;
				SWIFT_COMPILATION_MODE = wholemodule;
			};
			name = Release;
		};
		E1AAB7A92FCA1D4F009EC22C /* Debug */ = {
			isa = XCBuildConfiguration;
			buildSettings = {
				ASSETCATALOG_COMPILER_APPICON_NAME = AppIcon;
				ASSETCATALOG_COMPILER_GLOBAL_ACCENT_COLOR_NAME = AccentColor;
				CODE_SIGN_ENTITLEMENTS = skillz/skillz.entitlements;
				CODE_SIGN_STYLE = Automatic;
				COMBINE_HIDPI_IMAGES = YES;
				CURRENT_PROJECT_VERSION = 5;
				DEVELOPMENT_TEAM = 9F2JXY8TCK;
				ENABLE_APP_SANDBOX = NO;
				ENABLE_HARDENED_RUNTIME = YES;
				ENABLE_PREVIEWS = YES;
				GENERATE_INFOPLIST_FILE = NO;
				INFOPLIST_FILE = Info.plist;
				INFOPLIST_KEY_CFBundleDisplayName = Skills;
				INFOPLIST_KEY_CFBundleName = Skills;
				INFOPLIST_KEY_NSHumanReadableCopyright = "";
				LD_RUNPATH_SEARCH_PATHS = (
					"$(inherited)",
					"@executable_path/../Frameworks",
				);
				MARKETING_VERSION = 1.1.0;
				PRODUCT_BUNDLE_IDENTIFIER = robertcourson.skillz;
				PRODUCT_MODULE_NAME = skillz;
				PRODUCT_NAME = Skills;
				REGISTER_APP_GROUPS = YES;
				STRING_CATALOG_GENERATE_SYMBOLS = YES;
				SWIFT_APPROACHABLE_CONCURRENCY = YES;
				SWIFT_DEFAULT_ACTOR_ISOLATION = MainActor;
				SWIFT_EMIT_LOC_STRINGS = YES;
				SWIFT_UPCOMING_FEATURE_MEMBER_IMPORT_VISIBILITY = YES;
				SWIFT_VERSION = 5.0;
			};
			name = Debug;
		};
		E1AAB7AA2FCA1D4F009EC22C /* Release */ = {
			isa = XCBuildConfiguration;
			buildSettings = {
				ASSETCATALOG_COMPILER_APPICON_NAME = AppIcon;
				ASSETCATALOG_COMPILER_GLOBAL_ACCENT_COLOR_NAME = AccentColor;
				CODE_SIGN_ENTITLEMENTS = skillz/skillz.entitlements;
				CODE_SIGN_STYLE = Automatic;
				COMBINE_HIDPI_IMAGES = YES;
				CURRENT_PROJECT_VERSION = 5;
				DEVELOPMENT_TEAM = 9F2JXY8TCK;
				ENABLE_APP_SANDBOX = NO;
				ENABLE_HARDENED_RUNTIME = YES;
				ENABLE_PREVIEWS = YES;
				GENERATE_INFOPLIST_FILE = NO;
				INFOPLIST_FILE = Info.plist;
				INFOPLIST_KEY_CFBundleDisplayName = Skills;
				INFOPLIST_KEY_CFBundleName = Skills;
				INFOPLIST_KEY_NSHumanReadableCopyright = "";
				LD_RUNPATH_SEARCH_PATHS = (
					"$(inherited)",
					"@executable_path/../Frameworks",
				);
				MARKETING_VERSION = 1.1.0;
				PRODUCT_BUNDLE_IDENTIFIER = robertcourson.skillz;
				PRODUCT_MODULE_NAME = skillz;
				PRODUCT_NAME = Skills;
				REGISTER_APP_GROUPS = YES;
				STRING_CATALOG_GENERATE_SYMBOLS = YES;
				SWIFT_APPROACHABLE_CONCURRENCY = YES;
				SWIFT_DEFAULT_ACTOR_ISOLATION = MainActor;
				SWIFT_EMIT_LOC_STRINGS = YES;
				SWIFT_UPCOMING_FEATURE_MEMBER_IMPORT_VISIBILITY = YES;
				SWIFT_VERSION = 5.0;
			};
			name = Release;
		};
		E1AAB7AC2FCA1D4F009EC22C /* Debug */ = {
			isa = XCBuildConfiguration;
			buildSettings = {
				BUNDLE_LOADER = "$(TEST_HOST)";
				CODE_SIGN_STYLE = Automatic;
				CURRENT_PROJECT_VERSION = 5;
				DEVELOPMENT_TEAM = 9F2JXY8TCK;
				GENERATE_INFOPLIST_FILE = YES;
				MACOSX_DEPLOYMENT_TARGET = 14.0;
				MARKETING_VERSION = 1.1.0;
				PRODUCT_BUNDLE_IDENTIFIER = robertcourson.skillzTests;
				PRODUCT_NAME = "$(TARGET_NAME)";
				STRING_CATALOG_GENERATE_SYMBOLS = NO;
				SWIFT_APPROACHABLE_CONCURRENCY = YES;
				SWIFT_EMIT_LOC_STRINGS = NO;
				SWIFT_UPCOMING_FEATURE_MEMBER_IMPORT_VISIBILITY = YES;
				SWIFT_VERSION = 5.0;
				TEST_HOST = "$(BUILT_PRODUCTS_DIR)/Skills.app/$(BUNDLE_EXECUTABLE_FOLDER_PATH)/Skills";
			};
			name = Debug;
		};
		E1AAB7AD2FCA1D4F009EC22C /* Release */ = {
			isa = XCBuildConfiguration;
			buildSettings = {
				BUNDLE_LOADER = "$(TEST_HOST)";
				CODE_SIGN_STYLE = Automatic;
				CURRENT_PROJECT_VERSION = 5;
				DEVELOPMENT_TEAM = 9F2JXY8TCK;
				GENERATE_INFOPLIST_FILE = YES;
				MACOSX_DEPLOYMENT_TARGET = 14.0;
				MARKETING_VERSION = 1.1.0;
				PRODUCT_BUNDLE_IDENTIFIER = robertcourson.skillzTests;
				PRODUCT_NAME = "$(TARGET_NAME)";
				STRING_CATALOG_GENERATE_SYMBOLS = NO;
				SWIFT_APPROACHABLE_CONCURRENCY = YES;
				SWIFT_EMIT_LOC_STRINGS = NO;
				SWIFT_UPCOMING_FEATURE_MEMBER_IMPORT_VISIBILITY = YES;
				SWIFT_VERSION = 5.0;
				TEST_HOST = "$(BUILT_PRODUCTS_DIR)/Skills.app/$(BUNDLE_EXECUTABLE_FOLDER_PATH)/Skills";
			};
			name = Release;
		};
		E1AAB7AF2FCA1D4F009EC22C /* Debug */ = {
			isa = XCBuildConfiguration;
			buildSettings = {
				CODE_SIGN_STYLE = Automatic;
				CURRENT_PROJECT_VERSION = 5;
				DEVELOPMENT_TEAM = 9F2JXY8TCK;
				GENERATE_INFOPLIST_FILE = YES;
				MARKETING_VERSION = 1.1.0;
				PRODUCT_BUNDLE_IDENTIFIER = robertcourson.skillzUITests;
				PRODUCT_NAME = "$(TARGET_NAME)";
				STRING_CATALOG_GENERATE_SYMBOLS = NO;
				SWIFT_APPROACHABLE_CONCURRENCY = YES;
				SWIFT_EMIT_LOC_STRINGS = NO;
				SWIFT_UPCOMING_FEATURE_MEMBER_IMPORT_VISIBILITY = YES;
				SWIFT_VERSION = 5.0;
				TEST_TARGET_NAME = skillz;
			};
			name = Debug;
		};
		E1AAB7B02FCA1D4F009EC22C /* Release */ = {
			isa = XCBuildConfiguration;
			buildSettings = {
				CODE_SIGN_STYLE = Automatic;
				CURRENT_PROJECT_VERSION = 5;
				DEVELOPMENT_TEAM = 9F2JXY8TCK;
				GENERATE_INFOPLIST_FILE = YES;
				MARKETING_VERSION = 1.1.0;
				PRODUCT_BUNDLE_IDENTIFIER = robertcourson.skillzUITests;
				PRODUCT_NAME = "$(TARGET_NAME)";
				STRING_CATALOG_GENERATE_SYMBOLS = NO;
				SWIFT_APPROACHABLE_CONCURRENCY = YES;
				SWIFT_EMIT_LOC_STRINGS = NO;
				SWIFT_UPCOMING_FEATURE_MEMBER_IMPORT_VISIBILITY = YES;
				SWIFT_VERSION = 5.0;
				TEST_TARGET_NAME = skillz;
			};
			name = Release;
		};
		E1D4F0052FDD000000000001 /* Debug */ = {
			isa = XCBuildConfiguration;
			buildSettings = {
				ASSETCATALOG_COMPILER_GENERATE_SWIFT_ASSET_SYMBOL_EXTENSIONS = NO;
				CODE_SIGN_ENTITLEMENTS = SkillzQuickLook/SkillzQuickLook.entitlements;
				CODE_SIGN_STYLE = Automatic;
				CURRENT_PROJECT_VERSION = 5;
				DEVELOPMENT_TEAM = 9F2JXY8TCK;
				ENABLE_APP_SANDBOX = YES;
				ENABLE_HARDENED_RUNTIME = YES;
				GENERATE_INFOPLIST_FILE = NO;
				INFOPLIST_FILE = SkillzQuickLook/Info.plist;
				LD_RUNPATH_SEARCH_PATHS = (
					"$(inherited)",
					"@executable_path/../Frameworks",
					"@executable_path/../../../../Frameworks",
				);
				MACOSX_DEPLOYMENT_TARGET = 14.0;
				MARKETING_VERSION = 1.1.0;
				PRODUCT_BUNDLE_IDENTIFIER = robertcourson.skillz.quicklook;
				PRODUCT_MODULE_NAME = SkillzQuickLook;
				PRODUCT_NAME = SkillzQuickLook;
				REGISTER_APP_GROUPS = YES;
				SKIP_INSTALL = YES;
				SWIFT_APPROACHABLE_CONCURRENCY = YES;
				SWIFT_DEFAULT_ACTOR_ISOLATION = MainActor;
				SWIFT_EMIT_LOC_STRINGS = YES;
				SWIFT_UPCOMING_FEATURE_MEMBER_IMPORT_VISIBILITY = YES;
				SWIFT_VERSION = 5.0;
			};
			name = Debug;
		};
		E1D4F0062FDD000000000001 /* Release */ = {
			isa = XCBuildConfiguration;
			buildSettings = {
				ASSETCATALOG_COMPILER_GENERATE_SWIFT_ASSET_SYMBOL_EXTENSIONS = NO;
				CODE_SIGN_ENTITLEMENTS = SkillzQuickLook/SkillzQuickLook.entitlements;
				CODE_SIGN_STYLE = Automatic;
				CURRENT_PROJECT_VERSION = 5;
				DEVELOPMENT_TEAM = 9F2JXY8TCK;
				ENABLE_APP_SANDBOX = YES;
				ENABLE_HARDENED_RUNTIME = YES;
				GENERATE_INFOPLIST_FILE = NO;
				INFOPLIST_FILE = SkillzQuickLook/Info.plist;
				LD_RUNPATH_SEARCH_PATHS = (
					"$(inherited)",
					"@executable_path/../Frameworks",
					"@executable_path/../../../../Frameworks",
				);
				MACOSX_DEPLOYMENT_TARGET = 14.0;
				MARKETING_VERSION = 1.1.0;
				PRODUCT_BUNDLE_IDENTIFIER = robertcourson.skillz.quicklook;
				PRODUCT_MODULE_NAME = SkillzQuickLook;
				PRODUCT_NAME = SkillzQuickLook;
				REGISTER_APP_GROUPS = YES;
				SKIP_INSTALL = YES;
				SWIFT_APPROACHABLE_CONCURRENCY = YES;
				SWIFT_DEFAULT_ACTOR_ISOLATION = MainActor;
				SWIFT_EMIT_LOC_STRINGS = YES;
				SWIFT_UPCOMING_FEATURE_MEMBER_IMPORT_VISIBILITY = YES;
				SWIFT_VERSION = 5.0;
			};
			name = Release;
		};
/* End XCBuildConfiguration section */

/* Begin XCConfigurationList section */
		E1AAB77D2FCA1D4D009EC22C /* Build configuration list for PBXProject "skillz" */ = {
			isa = XCConfigurationList;
			buildConfigurations = (
				E1AAB7A62FCA1D4F009EC22C /* Debug */,
				E1AAB7A72FCA1D4F009EC22C /* Release */,
			);
			defaultConfigurationIsVisible = 0;
			defaultConfigurationName = Release;
		};
		E1AAB7A82FCA1D4F009EC22C /* Build configuration list for PBXNativeTarget "skillz" */ = {
			isa = XCConfigurationList;
			buildConfigurations = (
				E1AAB7A92FCA1D4F009EC22C /* Debug */,
				E1AAB7AA2FCA1D4F009EC22C /* Release */,
			);
			defaultConfigurationIsVisible = 0;
			defaultConfigurationName = Release;
		};
		E1AAB7AB2FCA1D4F009EC22C /* Build configuration list for PBXNativeTarget "skillzTests" */ = {
			isa = XCConfigurationList;
			buildConfigurations = (
				E1AAB7AC2FCA1D4F009EC22C /* Debug */,
				E1AAB7AD2FCA1D4F009EC22C /* Release */,
			);
			defaultConfigurationIsVisible = 0;
			defaultConfigurationName = Release;
		};
		E1AAB7AE2FCA1D4F009EC22C /* Build configuration list for PBXNativeTarget "skillzUITests" */ = {
			isa = XCConfigurationList;
			buildConfigurations = (
				E1AAB7AF2FCA1D4F009EC22C /* Debug */,
				E1AAB7B02FCA1D4F009EC22C /* Release */,
			);
			defaultConfigurationIsVisible = 0;
			defaultConfigurationName = Release;
		};
		E1D4F0042FDD000000000001 /* Build configuration list for PBXNativeTarget "SkillzQuickLook" */ = {
			isa = XCConfigurationList;
			buildConfigurations = (
				E1D4F0052FDD000000000001 /* Debug */,
				E1D4F0062FDD000000000001 /* Release */,
			);
			defaultConfigurationIsVisible = 0;
			defaultConfigurationName = Release;
		};
/* End XCConfigurationList section */

/* Begin XCRemoteSwiftPackageReference section */
		E1B1C0022FDA000000000001 /* XCRemoteSwiftPackageReference "Sparkle" */ = {
			isa = XCRemoteSwiftPackageReference;
			repositoryURL = "https://github.com/sparkle-project/Sparkle";
			requirement = {
				kind = upToNextMajorVersion;
				minimumVersion = 2.9.2;
			};
		};
		E1C2D0022FDB000000000001 /* XCRemoteSwiftPackageReference "swift-markdown-ui" */ = {
			isa = XCRemoteSwiftPackageReference;
			repositoryURL = "https://github.com/gonzalezreal/swift-markdown-ui";
			requirement = {
				kind = upToNextMajorVersion;
				minimumVersion = 2.4.0;
			};
		};
/* End XCRemoteSwiftPackageReference section */

/* Begin XCSwiftPackageProductDependency section */
		E1B1C0032FDA000000000001 /* Sparkle */ = {
			isa = XCSwiftPackageProductDependency;
			package = E1B1C0022FDA000000000001 /* XCRemoteSwiftPackageReference "Sparkle" */;
			productName = Sparkle;
		};
		E1C2D0032FDB000000000001 /* MarkdownUI */ = {
			isa = XCSwiftPackageProductDependency;
			package = E1C2D0022FDB000000000001 /* XCRemoteSwiftPackageReference "swift-markdown-ui" */;
			productName = MarkdownUI;
		};
		E1D4F00A2FDD000000000001 /* MarkdownUI */ = {
			isa = XCSwiftPackageProductDependency;
			package = E1C2D0022FDB000000000001 /* XCRemoteSwiftPackageReference "swift-markdown-ui" */;
			productName = MarkdownUI;
		};
/* End XCSwiftPackageProductDependency section */
	};
	rootObject = E1AAB77A2FCA1D4D009EC22C /* Project object */;
}
